
Microsoft Visual Studio Solution File, Format Version 12.00
# Visual Studio Version 16
VisualStudioVersion = 16.0.30717.126
MinimumVisualStudioVersion = 10.0.40219.1
Project("{FAE04EC0-301F-11D3-BF4B-00C04F79EFBC}") = "EPPlus.v4.5.3.2", "EPPlus.v4.5.3.2\EPPlus.v4.5.3.2.csproj", "{0044B83A-8042-433B-B05B-0CC263B5D06D}"
EndProject
Project("{FAE04EC0-301F-11D3-BF4B-00C04F79EFBC}") = "EPPlus.Console", "EPPlus.Console\EPPlus.Console.csproj", "{D2B6F7D3-6C6A-4715-B798-D16C8F0B90D5}"
EndProject
Project("{FAE04EC0-301F-11D3-BF4B-00C04F79EFBC}") = "EPPlus.v5.4.2", "EPPlus.v5.4.2\EPPlus.v5.4.2.csproj", "{12E2F331-0C70-4AE2-A11A-671423C544E2}"
EndProject
Project("{FAE04EC0-301F-11D3-BF4B-00C04F79EFBC}") = "EPPlus.Model", "EPPlus.Model\EPPlus.Model.csproj", "{1C1B4588-E89C-4DA3-BCCA-5F008669A0C6}"
EndProject
Project("{2150E333-8FDC-42A3-9474-1A3956D46DE8}") = "EPPlus.Domain", "EPPlus.Domain", "{1C0FF4BB-6482-4EAE-BBE6-C8A590EB6942}"
EndProject
Global
	GlobalSection(SolutionConfigurationPlatforms) = preSolution
		Debug|Any CPU = Debug|Any CPU
		Release|Any CPU = Release|Any CPU
	EndGlobalSection
	GlobalSection(ProjectConfigurationPlatforms) = postSolution
		{0044B83A-8042-433B-B05B-0CC263B5D06D}.Debug|Any CPU.ActiveCfg = Debug|Any CPU
		{0044B83A-8042-433B-B05B-0CC263B5D06D}.Debug|Any CPU.Build.0 = Debug|Any CPU
		{0044B83A-8042-433B-B05B-0CC263B5D06D}.Release|Any CPU.ActiveCfg = Release|Any CPU
		{0044B83A-8042-433B-B05B-0CC263B5D06D}.Release|Any CPU.Build.0 = Release|Any CPU
		{D2B6F7D3-6C6A-4715-B798-D16C8F0B90D5}.Debug|Any CPU.ActiveCfg = Debug|Any CPU
		{D2B6F7D3-6C6A-4715-B798-D16C8F0B90D5}.Debug|Any CPU.Build.0 = Debug|Any CPU
		{D2B6F7D3-6C6A-4715-B798-D16C8F0B90D5}.Release|Any CPU.ActiveCfg = Release|Any CPU
		{D2B6F7D3-6C6A-4715-B798-D16C8F0B90D5}.Release|Any CPU.Build.0 = Release|Any CPU
		{12E2F331-0C70-4AE2-A11A-671423C544E2}.Debug|Any CPU.ActiveCfg = Debug|Any CPU
		{12E2F331-0C70-4AE2-A11A-671423C544E2}.Debug|Any CPU.Build.0 = Debug|Any CPU
		{12E2F331-0C70-4AE2-A11A-671423C544E2}.Release|Any CPU.ActiveCfg = Release|Any CPU
		{12E2F331-0C70-4AE2-A11A-671423C544E2}.Release|Any CPU.Build.0 = Release|Any CPU
		{1C1B4588-E89C-4DA3-BCCA-5F008669A0C6}.Debug|Any CPU.ActiveCfg = Debug|Any CPU
		{1C1B4588-E89C-4DA3-BCCA-5F008669A0C6}.Debug|Any CPU.Build.0 = Debug|Any CPU
		{1C1B4588-E89C-4DA3-BCCA-5F008669A0C6}.Release|Any CPU.ActiveCfg = Release|Any CPU
		{1C1B4588-E89C-4DA3-BCCA-5F008669A0C6}.Release|Any CPU.Build.0 = Release|Any CPU
	EndGlobalSection
	GlobalSection(SolutionProperties) = preSolution
		HideSolutionNode = FALSE
	EndGlobalSection
	GlobalSection(NestedProjects) = preSolution
		{0044B83A-8042-433B-B05B-0CC263B5D06D} = {1C0FF4BB-6482-4EAE-BBE6-C8A590EB6942}
		{12E2F331-0C70-4AE2-A11A-671423C544E2} = {1C0FF4BB-6482-4EAE-BBE6-C8A590EB6942}
	EndGlobalSection
	GlobalSection(ExtensibilityGlobals) = postSolution
		SolutionGuid = {54E36915-1AAB-4DA6-9287-06819E8CC985}
	EndGlobalSection
EndGlobal
